
Microsoft Visual Studio Solution File, Format Version 12.00
Project("{FAE04EC0-301F-11D3-BF4B-00C04F79EFBC}") = "APBD", "APBD\APBD.csproj", "{EFFEE6C5-8E17-468C-BC8C-1C3C7BDF81FB}"
EndProject
Global
	GlobalSection(SolutionConfigurationPlatforms) = preSolution
		Debug|Any CPU = Debug|Any CPU
		Release|Any CPU = Release|Any CPU
	EndGlobalSection
	GlobalSection(ProjectConfigurationPlatforms) = postSolution
		{EFFEE6C5-8E17-468C-BC8C-1C3C7BDF81FB}.Debug|Any CPU.ActiveCfg = Debug|Any CPU
		{EFFEE6C5-8E17-468C-BC8C-1C3C7BDF81FB}.Debug|Any CPU.Build.0 = Debug|Any CPU
		{EFFEE6C5-8E17-468C-BC8C-1C3C7BDF81FB}.Release|Any CPU.ActiveCfg = Release|Any CPU
		{EFFEE6C5-8E17-468C-BC8C-1C3C7BDF81FB}.Release|Any CPU.Build.0 = Release|Any CPU
	EndGlobalSection
EndGlobal
